// !$*UTF8*$!
{
	archiveVersion = 1;
	classes = {
	};
	objectVersion = 46;
	objects = {

/* Begin PBXBuildFile section */
		96974481178ADA010049AEDC /* main.c in Sources */ = {isa = PBXBuildFile; fileRef = 96974480178ADA010049AEDC /* main.c */; };
		96974483178ADA010049AEDC /* LearnC.1 in CopyFiles */ = {isa = PBXBuildFile; fileRef = 96974482178ADA010049AEDC /* LearnC.1 */; };
/* End PBXBuildFile section */

/* Begin PBXCopyFilesBuildPhase section */
		9697447B178ADA010049AEDC /* CopyFiles */ = {
			isa = PBXCopyFilesBuildPhase;
			buildActionMask = 2147483647;
			dstPath = /usr/share/man/man1/;
			dstSubfolderSpec = 0;
			files = (
				96974483178ADA010049AEDC /* LearnC.1 in CopyFiles */,
			);
			runOnlyForDeploymentPostprocessing = 1;
		};
/* End PBXCopyFilesBuildPhase section */

/* Begin PBXFileReference section */
		9697447D178ADA010049AEDC /* LearnC */ = {isa = PBXFileReference; explicitFileType = "compiled.mach-o.executable"; includeInIndex = 0; path = LearnC; sourceTree = BUILT_PRODUCTS_DIR; };
		96974480178ADA010049AEDC /* main.c */ = {isa = PBXFileReference; lastKnownFileType = sourcecode.c.c; path = main.c; sourceTree = "<group>"; };
		96974482178ADA010049AEDC /* LearnC.1 */ = {isa = PBXFileReference; lastKnownFileType = text.man; path = LearnC.1; sourceTree = "<group>"; };
/* End PBXFileReference section */

/* Begin PBXFrameworksBuildPhase section */
		9697447A178ADA010049AEDC /* Frameworks */ = {
			isa = PBXFrameworksBuildPhase;
			buildActionMask = 2147483647;
			files = (
			);
			runOnlyForDeploymentPostprocessing = 0;
		};
/* End PBXFrameworksBuildPhase section */

/* Begin PBXGroup section */
		96974474178ADA010049AEDC = {
			isa = PBXGroup;
			children = (
				9697447F178ADA010049AEDC /* LearnC */,
				9697447E178ADA010049AEDC /* Products */,
			);
			sourceTree = "<group>";
		};
		9697447E178ADA010049AEDC /* Products */ = {
			isa = PBXGroup;
			children = (
				9697447D178ADA010049AEDC /* LearnC */,
			);
			name = Products;
			sourceTree = "<group>";
		};
		9697447F178ADA010049AEDC /* LearnC */ = {
			isa = PBXGroup;
			children = (
				96974480178ADA010049AEDC /* main.c */,
				96974482178ADA010049AEDC /* LearnC.1 */,
			);
			path = LearnC;
			sourceTree = "<group>";
		};
/* End PBXGroup section */

/* Begin PBXNativeTarget section */
		9697447C178ADA010049AEDC /* LearnC */ = {
			isa = PBXNativeTarget;
			buildConfigurationList = 96974486178ADA010049AEDC /* Build configuration list for PBXNativeTarget "LearnC" */;
			buildPhases = (
				96974479178ADA010049AEDC /* Sources */,
				9697447A178ADA010049AEDC /* Frameworks */,
				9697447B178ADA010049AEDC /* CopyFiles */,
			);
			buildRules = (
			);
			dependencies = (
			);
			name = LearnC;
			productName = LearnC;
			productReference = 9697447D178ADA010049AEDC /* LearnC */;
			productType = "com.apple.product-type.tool";
		};
/* End PBXNativeTarget section */

/* Begin PBXProject section */
		96974475178ADA010049AEDC /* Project object */ = {
			isa = PBXProject;
			attributes = {
				LastUpgradeCheck = 0500;
				ORGANIZATIONNAME = "CW Computing";
			};
			buildConfigurationList = 96974478178ADA010049AEDC /* Build configuration list for PBXProject "LearnC" */;
			compatibilityVersion = "Xcode 3.2";
			developmentRegion = English;
			hasScannedForEncodings = 0;
			knownRegions = (
				en,
			);
			mainGroup = 96974474178ADA010049AEDC;
			productRefGroup = 9697447E178ADA010049AEDC /* Products */;
			projectDirPath = "";
			projectRoot = "";
			targets = (
				9697447C178ADA010049AEDC /* LearnC */,
			);
		};
/* End PBXProject section */

/* Begin PBXSourcesBuildPhase section */
		96974479178ADA010049AEDC /* Sources */ = {
			isa = PBXSourcesBuildPhase;
			buildActionMask = 2147483647;
			files = (
				96974481178ADA010049AEDC /* main.c in Sources */,
			);
			runOnlyForDeploymentPostprocessing = 0;
		};
/* End PBXSourcesBuildPhase section */

/* Begin XCBuildConfiguration section */
		96974484178ADA010049AEDC /* Debug */ = {
			isa = XCBuildConfiguration;
			buildSettings = {
				ALWAYS_SEARCH_USER_PATHS = NO;
				CLANG_CXX_LANGUAGE_STANDARD = "gnu++0x";
				CLANG_CXX_LIBRARY = "libc++";
				CLANG_ENABLE_MODULES = YES;
				CLANG_ENABLE_OBJC_ARC = YES;
				CLANG_WARN_BOOL_CONVERSION = YES;
				CLANG_WARN_CONSTANT_CONVERSION = YES;
				CLANG_WARN_DIRECT_OBJC_ISA_USAGE = YES_ERROR;
				CLANG_WARN_EMPTY_BODY = YES;
				CLANG_WARN_ENUM_CONVERSION = YES;
				CLANG_WARN_INT_CONVERSION = YES;
				CLANG_WARN_OBJC_ROOT_CLASS = YES_ERROR;
				CLANG_WARN__DUPLICATE_METHOD_MATCH = YES;
				COPY_PHASE_STRIP = NO;
				GCC_C_LANGUAGE_STANDARD = gnu99;
				GCC_DYNAMIC_NO_PIC = NO;
				GCC_ENABLE_OBJC_EXCEPTIONS = YES;
				GCC_OPTIMIZATION_LEVEL = 0;
				GCC_PREPROCESSOR_DEFINITIONS = (
					"DEBUG=1",
					"$(inherited)",
				);
				GCC_SYMBOLS_PRIVATE_EXTERN = NO;
				GCC_WARN_64_TO_32_BIT_CONVERSION = YES;
				GCC_WARN_ABOUT_RETURN_TYPE = YES_ERROR;
				GCC_WARN_UNDECLARED_SELECTOR = YES;
				GCC_WARN_UNINITIALIZED_AUTOS = YES;
				GCC_WARN_UNUSED_FUNCTION = YES;
				GCC_WARN_UNUSED_VARIABLE = YES;
				MACOSX_DEPLOYMENT_TARGET = 10.9;
				ONLY_ACTIVE_ARCH = YES;
				SDKROOT = macosx;
			};
			name = Debug;
		};
		96974485178ADA010049AEDC /* Release */ = {
			isa = XCBuildConfiguration;
			buildSettings = {
				ALWAYS_SEARCH_USER_PATHS = NO;
				CLANG_CXX_LANGUAGE_STANDARD = "gnu++0x";
				CLANG_CXX_LIBRARY = "libc++";
				CLANG_ENABLE_MODULES = YES;
				CLANG_ENABLE_OBJC_ARC = YES;
				CLANG_WARN_BOOL_CONVERSION = YES;
				CLANG_WARN_CONSTANT_CONVERSION = YES;
				CLANG_WARN_DIRECT_OBJC_ISA_USAGE = YES_ERROR;
				CLANG_WARN_EMPTY_BODY = YES;
				CLANG_WARN_ENUM_CONVERSION = YES;
				CLANG_WARN_INT_CONVERSION = YES;
				CLANG_WARN_OBJC_ROOT_CLASS = YES_ERROR;
				CLANG_WARN__DUPLICATE_METHOD_MATCH = YES;
				COPY_PHASE_STRIP = YES;
				DEBUG_INFORMATION_FORMAT = "dwarf-with-dsym";
				ENABLE_NS_ASSERTIONS = NO;
				GCC_C_LANGUAGE_STANDARD = gnu99;
				GCC_ENABLE_OBJC_EXCEPTIONS = YES;
				GCC_WARN_64_TO_32_BIT_CONVERSION = YES;
				GCC_WARN_ABOUT_RETURN_TYPE = YES_ERROR;
				GCC_WARN_UNDECLARED_SELECTOR = YES;
				GCC_WARN_UNINITIALIZED_AUTOS = YES;
				GCC_WARN_UNUSED_FUNCTION = YES;
				GCC_WARN_UNUSED_VARIABLE = YES;
				MACOSX_DEPLOYMENT_TARGET = 10.9;
				SDKROOT = macosx;
			};
			name = Release;
		};
		96974487178ADA010049AEDC /* Debug */ = {
			isa = XCBuildConfiguration;
			buildSettings = {
				PRODUCT_NAME = "$(TARGET_NAME)";
			};
			name = Debug;
		};
		96974488178ADA010049AEDC /* Release */ = {
			isa = XCBuildConfiguration;
			buildSettings = {
				PRODUCT_NAME = "$(TARGET_NAME)";
			};
			name = Release;
		};
/* End XCBuildConfiguration section */

/* Begin XCConfigurationList section */
		96974478178ADA010049AEDC /* Build configuration list for PBXProject "LearnC" */ = {
			isa = XCConfigurationList;
			buildConfigurations = (
				96974484178ADA010049AEDC /* Debug */,
				96974485178ADA010049AEDC /* Release */,
			);
			defaultConfigurationIsVisible = 0;
			defaultConfigurationName = Release;
		};
		96974486178ADA010049AEDC /* Build configuration list for PBXNativeTarget "LearnC" */ = {
			isa = XCConfigurationList;
			buildConfigurations = (
				96974487178ADA010049AEDC /* Debug */,
				96974488178ADA010049AEDC /* Release */,
			);
			defaultConfigurationIsVisible = 0;
		};
/* End XCConfigurationList section */
	};
	rootObject = 96974475178ADA010049AEDC /* Project object */;
}
